// !$*UTF8*$!
{
	archiveVersion = 1;
	classes = {
	};
	objectVersion = 56;
	objects = {

/* Begin PBXBuildFile section */
		8311FC9D2A562451007792BD /* EDMnewsApp.swift in Sources */ = {isa = PBXBuildFile; fileRef = 8311FC9C2A562451007792BD /* EDMnewsApp.swift */; };
		8311FC9F2A562451007792BD /* ContentView.swift in Sources */ = {isa = PBXBuildFile; fileRef = 8311FC9E2A562451007792BD /* ContentView.swift */; };
		8311FCA12A562453007792BD /* Assets.xcassets in Resources */ = {isa = PBXBuildFile; fileRef = 8311FCA02A562453007792BD /* Assets.xcassets */; };
		8311FCA42A562453007792BD /* Preview Assets.xcassets in Resources */ = {isa = PBXBuildFile; fileRef = 8311FCA32A562453007792BD /* Preview Assets.xcassets */; };
		8311FCAB2A5625C8007792BD /* GoogleService-Info.plist in Resources */ = {isa = PBXBuildFile; fileRef = 8311FCAA2A5625C8007792BD /* GoogleService-Info.plist */; };
		8311FCAF2A5627D0007792BD /* FirebaseAnalytics in Frameworks */ = {isa = PBXBuildFile; productRef = 8311FCAE2A5627D0007792BD /* FirebaseAnalytics */; };
		8311FCB12A5627D0007792BD /* FirebaseAuth in Frameworks */ = {isa = PBXBuildFile; productRef = 8311FCB02A5627D0007792BD /* FirebaseAuth */; };
		8311FCB32A5627D0007792BD /* FirebaseFirestore in Frameworks */ = {isa = PBXBuildFile; productRef = 8311FCB22A5627D0007792BD /* FirebaseFirestore */; };
		8311FCB52A5627D0007792BD /* FirebaseFirestoreSwift in Frameworks */ = {isa = PBXBuildFile; productRef = 8311FCB42A5627D0007792BD /* FirebaseFirestoreSwift */; };
/* End PBXBuildFile section */

/* Begin PBXFileReference section */
		8311FC992A562451007792BD /* EDMnews.app */ = {isa = PBXFileReference; explicitFileType = wrapper.application; includeInIndex = 0; path = EDMnews.app; sourceTree = BUILT_PRODUCTS_DIR; };
		8311FC9C2A562451007792BD /* EDMnewsApp.swift */ = {isa = PBXFileReference; lastKnownFileType = sourcecode.swift; path = EDMnewsApp.swift; sourceTree = "<group>"; };
		8311FC9E2A562451007792BD /* ContentView.swift */ = {isa = PBXFileReference; lastKnownFileType = sourcecode.swift; path = ContentView.swift; sourceTree = "<group>"; };
		8311FCA02A562453007792BD /* Assets.xcassets */ = {isa = PBXFileReference; lastKnownFileType = folder.assetcatalog; path = Assets.xcassets; sourceTree = "<group>"; };
		8311FCA32A562453007792BD /* Preview Assets.xcassets */ = {isa = PBXFileReference; lastKnownFileType = folder.assetcatalog; path = "Preview Assets.xcassets"; sourceTree = "<group>"; };
		8311FCAA2A5625C8007792BD /* GoogleService-Info.plist */ = {isa = PBXFileReference; fileEncoding = 4; lastKnownFileType = text.plist.xml; path = "GoogleService-Info.plist"; sourceTree = "<group>"; };
		8311FCAC2A56267B007792BD /* Info.plist */ = {isa = PBXFileReference; lastKnownFileType = text.plist; path = Info.plist; sourceTree = "<group>"; };
/* End PBXFileReference section */

/* Begin PBXFrameworksBuildPhase section */
		8311FC962A562451007792BD /* Frameworks */ = {
			isa = PBXFrameworksBuildPhase;
			buildActionMask = 2147483647;
			files = (
				8311FCAF2A5627D0007792BD /* FirebaseAnalytics in Frameworks */,
				8311FCB12A5627D0007792BD /* FirebaseAuth in Frameworks */,
				8311FCB32A5627D0007792BD /* FirebaseFirestore in Frameworks */,
				8311FCB52A5627D0007792BD /* FirebaseFirestoreSwift in Frameworks */,
			);
			runOnlyForDeploymentPostprocessing = 0;
		};
/* End PBXFrameworksBuildPhase section */

/* Begin PBXGroup section */
		8311FC902A562451007792BD = {
			isa = PBXGroup;
			children = (
				8311FC9B2A562451007792BD /* EDMnews */,
				8311FC9A2A562451007792BD /* Products */,
			);
			sourceTree = "<group>";
		};
		8311FC9A2A562451007792BD /* Products */ = {
			isa = PBXGroup;
			children = (
				8311FC992A562451007792BD /* EDMnews.app */,
			);
			name = Products;
			sourceTree = "<group>";
		};
		8311FC9B2A562451007792BD /* EDMnews */ = {
			isa = PBXGroup;
			children = (
				8311FCAC2A56267B007792BD /* Info.plist */,
				8311FCAA2A5625C8007792BD /* GoogleService-Info.plist */,
				8311FC9C2A562451007792BD /* EDMnewsApp.swift */,
				8311FC9E2A562451007792BD /* ContentView.swift */,
				8311FCA02A562453007792BD /* Assets.xcassets */,
				8311FCA22A562453007792BD /* Preview Content */,
			);
			path = EDMnews;
			sourceTree = "<group>";
		};
		8311FCA22A562453007792BD /* Preview Content */ = {
			isa = PBXGroup;
			children = (
				8311FCA32A562453007792BD /* Preview Assets.xcassets */,
			);
			path = "Preview Content";
			sourceTree = "<group>";
		};
/* End PBXGroup section */

/* Begin PBXNativeTarget section */
		8311FC982A562451007792BD /* EDMnews */ = {
			isa = PBXNativeTarget;
			buildConfigurationList = 8311FCA72A562453007792BD /* Build configuration list for PBXNativeTarget "EDMnews" */;
			buildPhases = (
				8311FC952A562451007792BD /* Sources */,
				8311FC962A562451007792BD /* Frameworks */,
				8311FC972A562451007792BD /* Resources */,
			);
			buildRules = (
			);
			dependencies = (
			);
			name = EDMnews;
			packageProductDependencies = (
				8311FCAE2A5627D0007792BD /* FirebaseAnalytics */,
				8311FCB02A5627D0007792BD /* FirebaseAuth */,
				8311FCB22A5627D0007792BD /* FirebaseFirestore */,
				8311FCB42A5627D0007792BD /* FirebaseFirestoreSwift */,
			);
			productName = EDMnews;
			productReference = 8311FC992A562451007792BD /* EDMnews.app */;
			productType = "com.apple.product-type.application";
		};
/* End PBXNativeTarget section */

/* Begin PBXProject section */
		8311FC912A562451007792BD /* Project object */ = {
			isa = PBXProject;
			attributes = {
				BuildIndependentTargetsInParallel = 1;
				LastSwiftUpdateCheck = 1430;
				LastUpgradeCheck = 1430;
				TargetAttributes = {
					8311FC982A562451007792BD = {
						CreatedOnToolsVersion = 14.3;
					};
				};
			};
			buildConfigurationList = 8311FC942A562451007792BD /* Build configuration list for PBXProject "EDMnews" */;
			compatibilityVersion = "Xcode 14.0";
			developmentRegion = en;
			hasScannedForEncodings = 0;
			knownRegions = (
				en,
				Base,
			);
			mainGroup = 8311FC902A562451007792BD;
			packageReferences = (
				8311FCAD2A5627D0007792BD /* XCRemoteSwiftPackageReference "firebase-ios-sdk" */,
			);
			productRefGroup = 8311FC9A2A562451007792BD /* Products */;
			projectDirPath = "";
			projectRoot = "";
			targets = (
				8311FC982A562451007792BD /* EDMnews */,
			);
		};
/* End PBXProject section */

/* Begin PBXResourcesBuildPhase section */
		8311FC972A562451007792BD /* Resources */ = {
			isa = PBXResourcesBuildPhase;
			buildActionMask = 2147483647;
			files = (
				8311FCA42A562453007792BD /* Preview Assets.xcassets in Resources */,
				8311FCAB2A5625C8007792BD /* GoogleService-Info.plist in Resources */,
				8311FCA12A562453007792BD /* Assets.xcassets in Resources */,
			);
			runOnlyForDeploymentPostprocessing = 0;
		};
/* End PBXResourcesBuildPhase section */

/* Begin PBXSourcesBuildPhase section */
		8311FC952A562451007792BD /* Sources */ = {
			isa = PBXSourcesBuildPhase;
			buildActionMask = 2147483647;
			files = (
				8311FC9F2A562451007792BD /* ContentView.swift in Sources */,
				8311FC9D2A562451007792BD /* EDMnewsApp.swift in Sources */,
			);
			runOnlyForDeploymentPostprocessing = 0;
		};
/* End PBXSourcesBuildPhase section */

/* Begin XCBuildConfiguration section */
		8311FCA52A562453007792BD /* Debug */ = {
			isa = XCBuildConfiguration;
			buildSettings = {
				ALWAYS_SEARCH_USER_PATHS = NO;
				CLANG_ANALYZER_NONNULL = YES;
				CLANG_ANALYZER_NUMBER_OBJECT_CONVERSION = YES_AGGRESSIVE;
				CLANG_CXX_LANGUAGE_STANDARD = "gnu++20";
				CLANG_ENABLE_MODULES = YES;
				CLANG_ENABLE_OBJC_ARC = YES;
				CLANG_ENABLE_OBJC_WEAK = YES;
				CLANG_WARN_BLOCK_CAPTURE_AUTORELEASING = YES;
				CLANG_WARN_BOOL_CONVERSION = YES;
				CLANG_WARN_COMMA = YES;
				CLANG_WARN_CONSTANT_CONVERSION = YES;
				CLANG_WARN_DEPRECATED_OBJC_IMPLEMENTATIONS = YES;
				CLANG_WARN_DIRECT_OBJC_ISA_USAGE = YES_ERROR;
				CLANG_WARN_DOCUMENTATION_COMMENTS = YES;
				CLANG_WARN_EMPTY_BODY = YES;
				CLANG_WARN_ENUM_CONVERSION = YES;
				CLANG_WARN_INFINITE_RECURSION = YES;
				CLANG_WARN_INT_CONVERSION = YES;
				CLANG_WARN_NON_LITERAL_NULL_CONVERSION = YES;
				CLANG_WARN_OBJC_IMPLICIT_RETAIN_SELF = YES;
				CLANG_WARN_OBJC_LITERAL_CONVERSION = YES;
				CLANG_WARN_OBJC_ROOT_CLASS = YES_ERROR;
				CLANG_WARN_QUOTED_INCLUDE_IN_FRAMEWORK_HEADER = YES;
				CLANG_WARN_RANGE_LOOP_ANALYSIS = YES;
				CLANG_WARN_STRICT_PROTOTYPES = YES;
				CLANG_WARN_SUSPICIOUS_MOVE = YES;
				CLANG_WARN_UNGUARDED_AVAILABILITY = YES_AGGRESSIVE;
				CLANG_WARN_UNREACHABLE_CODE = YES;
				CLANG_WARN__DUPLICATE_METHOD_MATCH = YES;
				COPY_PHASE_STRIP = NO;
				DEBUG_INFORMATION_FORMAT = dwarf;
				ENABLE_STRICT_OBJC_MSGSEND = YES;
				ENABLE_TESTABILITY = YES;
				GCC_C_LANGUAGE_STANDARD = gnu11;
				GCC_DYNAMIC_NO_PIC = NO;
				GCC_NO_COMMON_BLOCKS = YES;
				GCC_OPTIMIZATION_LEVEL = 0;
				GCC_PREPROCESSOR_DEFINITIONS = (
					"DEBUG=1",
					"$(inherited)",
				);
				GCC_WARN_64_TO_32_BIT_CONVERSION = YES;
				GCC_WARN_ABOUT_RETURN_TYPE = YES_ERROR;
				GCC_WARN_UNDECLARED_SELECTOR = YES;
				GCC_WARN_UNINITIALIZED_AUTOS = YES_AGGRESSIVE;
				GCC_WARN_UNUSED_FUNCTION = YES;
				GCC_WARN_UNUSED_VARIABLE = YES;
				IPHONEOS_DEPLOYMENT_TARGET = 16.4;
				MTL_ENABLE_DEBUG_INFO = INCLUDE_SOURCE;
				MTL_FAST_MATH = YES;
				ONLY_ACTIVE_ARCH = YES;
				SDKROOT = iphoneos;
				SWIFT_ACTIVE_COMPILATION_CONDITIONS = DEBUG;
				SWIFT_OPTIMIZATION_LEVEL = "-Onone";
			};
			name = Debug;
		};
		8311FCA62A562453007792BD /* Release */ = {
			isa = XCBuildConfiguration;
			buildSettings = {
				ALWAYS_SEARCH_USER_PATHS = NO;
				CLANG_ANALYZER_NONNULL = YES;
				CLANG_ANALYZER_NUMBER_OBJECT_CONVERSION = YES_AGGRESSIVE;
				CLANG_CXX_LANGUAGE_STANDARD = "gnu++20";
				CLANG_ENABLE_MODULES = YES;
				CLANG_ENABLE_OBJC_ARC = YES;
				CLANG_ENABLE_OBJC_WEAK = YES;
				CLANG_WARN_BLOCK_CAPTURE_AUTORELEASING = YES;
				CLANG_WARN_BOOL_CONVERSION = YES;
				CLANG_WARN_COMMA = YES;
				CLANG_WARN_CONSTANT_CONVERSION = YES;
				CLANG_WARN_DEPRECATED_OBJC_IMPLEMENTATIONS = YES;
				CLANG_WARN_DIRECT_OBJC_ISA_USAGE = YES_ERROR;
				CLANG_WARN_DOCUMENTATION_COMMENTS = YES;
				CLANG_WARN_EMPTY_BODY = YES;
				CLANG_WARN_ENUM_CONVERSION = YES;
				CLANG_WARN_INFINITE_RECURSION = YES;
				CLANG_WARN_INT_CONVERSION = YES;
				CLANG_WARN_NON_LITERAL_NULL_CONVERSION = YES;
				CLANG_WARN_OBJC_IMPLICIT_RETAIN_SELF = YES;
				CLANG_WARN_OBJC_LITERAL_CONVERSION = YES;
				CLANG_WARN_OBJC_ROOT_CLASS = YES_ERROR;
				CLANG_WARN_QUOTED_INCLUDE_IN_FRAMEWORK_HEADER = YES;
				CLANG_WARN_RANGE_LOOP_ANALYSIS = YES;
				CLANG_WARN_STRICT_PROTOTYPES = YES;
				CLANG_WARN_SUSPICIOUS_MOVE = YES;
				CLANG_WARN_UNGUARDED_AVAILABILITY = YES_AGGRESSIVE;
				CLANG_WARN_UNREACHABLE_CODE = YES;
				CLANG_WARN__DUPLICATE_METHOD_MATCH = YES;
				COPY_PHASE_STRIP = NO;
				DEBUG_INFORMATION_FORMAT = "dwarf-with-dsym";
				ENABLE_NS_ASSERTIONS = NO;
				ENABLE_STRICT_OBJC_MSGSEND = YES;
				GCC_C_LANGUAGE_STANDARD = gnu11;
				GCC_NO_COMMON_BLOCKS = YES;
				GCC_WARN_64_TO_32_BIT_CONVERSION = YES;
				GCC_WARN_ABOUT_RETURN_TYPE = YES_ERROR;
				GCC_WARN_UNDECLARED_SELECTOR = YES;
				GCC_WARN_UNINITIALIZED_AUTOS = YES_AGGRESSIVE;
				GCC_WARN_UNUSED_FUNCTION = YES;
				GCC_WARN_UNUSED_VARIABLE = YES;
				IPHONEOS_DEPLOYMENT_TARGET = 16.4;
				MTL_ENABLE_DEBUG_INFO = NO;
				MTL_FAST_MATH = YES;
				SDKROOT = iphoneos;
				SWIFT_COMPILATION_MODE = wholemodule;
				SWIFT_OPTIMIZATION_LEVEL = "-O";
				VALIDATE_PRODUCT = YES;
			};
			name = Release;
		};
		8311FCA82A562453007792BD /* Debug */ = {
			isa = XCBuildConfiguration;
			buildSettings = {
				ASSETCATALOG_COMPILER_APPICON_NAME = AppIcon;
				ASSETCATALOG_COMPILER_GLOBAL_ACCENT_COLOR_NAME = AccentColor;
				CODE_SIGN_STYLE = Automatic;
				CURRENT_PROJECT_VERSION = 1;
				DEVELOPMENT_ASSET_PATHS = "\"EDMnews/Preview Content\"";
				DEVELOPMENT_TEAM = 77KMF9SL3T;
				ENABLE_PREVIEWS = YES;
				GENERATE_INFOPLIST_FILE = YES;
				INFOPLIST_FILE = EDMnews/Info.plist;
				INFOPLIST_KEY_UIApplicationSceneManifest_Generation = YES;
				INFOPLIST_KEY_UIApplicationSupportsIndirectInputEvents = YES;
				INFOPLIST_KEY_UILaunchScreen_Generation = YES;
				INFOPLIST_KEY_UISupportedInterfaceOrientations_iPad = "UIInterfaceOrientationPortrait UIInterfaceOrientationPortraitUpsideDown UIInterfaceOrientationLandscapeLeft UIInterfaceOrientationLandscapeRight";
				INFOPLIST_KEY_UISupportedInterfaceOrientations_iPhone = "UIInterfaceOrientationPortrait UIInterfaceOrientationLandscapeLeft UIInterfaceOrientationLandscapeRight";
				LD_RUNPATH_SEARCH_PATHS = (
					"$(inherited)",
					"@executable_path/Frameworks",
				);
				MARKETING_VERSION = 1.0;
				PRODUCT_BUNDLE_IDENTIFIER = eng.auburn.onlinecsse.EDMnews;
				PRODUCT_NAME = "$(TARGET_NAME)";
				SWIFT_EMIT_LOC_STRINGS = YES;
				SWIFT_VERSION = 5.0;
				TARGETED_DEVICE_FAMILY = "1,2";
			};
			name = Debug;
		};
		8311FCA92A562453007792BD /* Release */ = {
			isa = XCBuildConfiguration;
			buildSettings = {
				ASSETCATALOG_COMPILER_APPICON_NAME = AppIcon;
				ASSETCATALOG_COMPILER_GLOBAL_ACCENT_COLOR_NAME = AccentColor;
				CODE_SIGN_STYLE = Automatic;
				CURRENT_PROJECT_VERSION = 1;
				DEVELOPMENT_ASSET_PATHS = "\"EDMnews/Preview Content\"";
				DEVELOPMENT_TEAM = 77KMF9SL3T;
				ENABLE_PREVIEWS = YES;
				GENERATE_INFOPLIST_FILE = YES;
				INFOPLIST_FILE = EDMnews/Info.plist;
				INFOPLIST_KEY_UIApplicationSceneManifest_Generation = YES;
				INFOPLIST_KEY_UIApplicationSupportsIndirectInputEvents = YES;
				INFOPLIST_KEY_UILaunchScreen_Generation = YES;
				INFOPLIST_KEY_UISupportedInterfaceOrientations_iPad = "UIInterfaceOrientationPortrait UIInterfaceOrientationPortraitUpsideDown UIInterfaceOrientationLandscapeLeft UIInterfaceOrientationLandscapeRight";
				INFOPLIST_KEY_UISupportedInterfaceOrientations_iPhone = "UIInterfaceOrientationPortrait UIInterfaceOrientationLandscapeLeft UIInterfaceOrientationLandscapeRight";
				LD_RUNPATH_SEARCH_PATHS = (
					"$(inherited)",
					"@executable_path/Frameworks",
				);
				MARKETING_VERSION = 1.0;
				PRODUCT_BUNDLE_IDENTIFIER = eng.auburn.onlinecsse.EDMnews;
				PRODUCT_NAME = "$(TARGET_NAME)";
				SWIFT_EMIT_LOC_STRINGS = YES;
				SWIFT_VERSION = 5.0;
				TARGETED_DEVICE_FAMILY = "1,2";
			};
			name = Release;
		};
/* End XCBuildConfiguration section */

/* Begin XCConfigurationList section */
		8311FC942A562451007792BD /* Build configuration list for PBXProject "EDMnews" */ = {
			isa = XCConfigurationList;
			buildConfigurations = (
				8311FCA52A562453007792BD /* Debug */,
				8311FCA62A562453007792BD /* Release */,
			);
			defaultConfigurationIsVisible = 0;
			defaultConfigurationName = Release;
		};
		8311FCA72A562453007792BD /* Build configuration list for PBXNativeTarget "EDMnews" */ = {
			isa = XCConfigurationList;
			buildConfigurations = (
				8311FCA82A562453007792BD /* Debug */,
				8311FCA92A562453007792BD /* Release */,
			);
			defaultConfigurationIsVisible = 0;
			defaultConfigurationName = Release;
		};
/* End XCConfigurationList section */

/* Begin XCRemoteSwiftPackageReference section */
		8311FCAD2A5627D0007792BD /* XCRemoteSwiftPackageReference "firebase-ios-sdk" */ = {
			isa = XCRemoteSwiftPackageReference;
			repositoryURL = "https://github.com/firebase/firebase-ios-sdk";
			requirement = {
				kind = upToNextMajorVersion;
				minimumVersion = 10.0.0;
			};
		};
/* End XCRemoteSwiftPackageReference section */

/* Begin XCSwiftPackageProductDependency section */
		8311FCAE2A5627D0007792BD /* FirebaseAnalytics */ = {
			isa = XCSwiftPackageProductDependency;
			package = 8311FCAD2A5627D0007792BD /* XCRemoteSwiftPackageReference "firebase-ios-sdk" */;
			productName = FirebaseAnalytics;
		};
		8311FCB02A5627D0007792BD /* FirebaseAuth */ = {
			isa = XCSwiftPackageProductDependency;
			package = 8311FCAD2A5627D0007792BD /* XCRemoteSwiftPackageReference "firebase-ios-sdk" */;
			productName = FirebaseAuth;
		};
		8311FCB22A5627D0007792BD /* FirebaseFirestore */ = {
			isa = XCSwiftPackageProductDependency;
			package = 8311FCAD2A5627D0007792BD /* XCRemoteSwiftPackageReference "firebase-ios-sdk" */;
			productName = FirebaseFirestore;
		};
		8311FCB42A5627D0007792BD /* FirebaseFirestoreSwift */ = {
			isa = XCSwiftPackageProductDependency;
			package = 8311FCAD2A5627D0007792BD /* XCRemoteSwiftPackageReference "firebase-ios-sdk" */;
			productName = FirebaseFirestoreSwift;
		};
/* End XCSwiftPackageProductDependency section */
	};
	rootObject = 8311FC912A562451007792BD /* Project object */;
}
